{
  "name": "queryInsightsDashboards",
  "version": "0.0.0",
  "lockfileVersion": 3,
  "requires": true,
  "packages": {
    "": {
      "name": "queryInsightsDashboards",
      "version": "0.0.0",
      "dependencies": {
        "object-hash": "^3.0.0",
        "plotly.js-dist": "^2.34.0"
      }
    },
    "node_modules/object-hash": {
      "version": "3.0.0",
      "resolved": "https://registry.npmjs.org/object-hash/-/object-hash-3.0.0.tgz",
      "integrity": "sha512-RSn9F68PjH9HqtltsSnqYC1XXoWe9Bju5+213R98cNGttag9q9yAOTzdbsqvIa7aNm5WffBZFpWYr2aWrklWAw==",
      "license": "MIT",
      "engines": {
        "node": ">= 6"
      }
    },
    "node_modules/plotly.js-dist": {
      "version": "2.34.0",
      "resolved": "https://registry.npmjs.org/plotly.js-dist/-/plotly.js-dist-2.34.0.tgz",
      "integrity": "sha512-FZR9QT60vtE1ocdSIfop+zDIJEoy1lejwOvAjTSy+AmE4GZ//rW1nnIXwCRv4o9ejfzWq++lQMu6FJf9G+NtFg==",
      "license": "MIT"
    }
  }
}
